
Microsoft Visual Studio Solution File, Format Version 12.00
# Visual Studio Version 16
VisualStudioVersion = 16.0.29806.167
MinimumVisualStudioVersion = 10.0.40219.1
Project("{FAE04EC0-301F-11D3-BF4B-00C04F79EFBC}") = "AzureTableStorageApp", "AzureTableStorageApp\AzureTableStorageApp.csproj", "{473FFAC8-FE39-4097-8AE6-923E43C20E98}"
EndProject
Project("{FAE04EC0-301F-11D3-BF4B-00C04F79EFBC}") = "AzureBlobStorageApp", "AzureBlobStorageApp\AzureBlobStorageApp.csproj", "{E4458252-6155-4381-A008-FC2885DF9C66}"
EndProject
Global
	GlobalSection(SolutionConfigurationPlatforms) = preSolution
		Debug|Any CPU = Debug|Any CPU
		Release|Any CPU = Release|Any CPU
	EndGlobalSection
	GlobalSection(ProjectConfigurationPlatforms) = postSolution
		{473FFAC8-FE39-4097-8AE6-923E43C20E98}.Debug|Any CPU.ActiveCfg = Debug|Any CPU
		{473FFAC8-FE39-4097-8AE6-923E43C20E98}.Debug|Any CPU.Build.0 = Debug|Any CPU
		{473FFAC8-FE39-4097-8AE6-923E43C20E98}.Release|Any CPU.ActiveCfg = Release|Any CPU
		{473FFAC8-FE39-4097-8AE6-923E43C20E98}.Release|Any CPU.Build.0 = Release|Any CPU
		{E4458252-6155-4381-A008-FC2885DF9C66}.Debug|Any CPU.ActiveCfg = Debug|Any CPU
		{E4458252-6155-4381-A008-FC2885DF9C66}.Debug|Any CPU.Build.0 = Debug|Any CPU
		{E4458252-6155-4381-A008-FC2885DF9C66}.Release|Any CPU.ActiveCfg = Release|Any CPU
		{E4458252-6155-4381-A008-FC2885DF9C66}.Release|Any CPU.Build.0 = Release|Any CPU
	EndGlobalSection
	GlobalSection(SolutionProperties) = preSolution
		HideSolutionNode = FALSE
	EndGlobalSection
	GlobalSection(ExtensibilityGlobals) = postSolution
		SolutionGuid = {5B67B21D-4AB4-493F-A30F-0E226DCE581C}
	EndGlobalSection
EndGlobal
